
Microsoft Visual Studio Solution File, Format Version 12.00
# Visual Studio Version 16
VisualStudioVersion = 16.0.31129.286
MinimumVisualStudioVersion = 10.0.40219.1
Project("{9A19103F-16F7-4668-BE54-9A1E7A4F7556}") = "GradeBook", "GradeBook.csproj", "{CB74ABA5-73D4-4A46-8578-8EDA4A1D2F43}"
EndProject
Project("{9A19103F-16F7-4668-BE54-9A1E7A4F7556}") = "GradeBook.Tests", "..\..\test\GradeBook.Tests\GradeBook.Tests.csproj", "{E175A327-D178-4A58-B8A3-A9222F236746}"
EndProject
Global
	GlobalSection(SolutionConfigurationPlatforms) = preSolution
		Debug|Any CPU = Debug|Any CPU
		Release|Any CPU = Release|Any CPU
	EndGlobalSection
	GlobalSection(ProjectConfigurationPlatforms) = postSolution
		{CB74ABA5-73D4-4A46-8578-8EDA4A1D2F43}.Debug|Any CPU.ActiveCfg = Debug|Any CPU
		{CB74ABA5-73D4-4A46-8578-8EDA4A1D2F43}.Debug|Any CPU.Build.0 = Debug|Any CPU
		{CB74ABA5-73D4-4A46-8578-8EDA4A1D2F43}.Release|Any CPU.ActiveCfg = Release|Any CPU
		{CB74ABA5-73D4-4A46-8578-8EDA4A1D2F43}.Release|Any CPU.Build.0 = Release|Any CPU
		{E175A327-D178-4A58-B8A3-A9222F236746}.Debug|Any CPU.ActiveCfg = Debug|Any CPU
		{E175A327-D178-4A58-B8A3-A9222F236746}.Debug|Any CPU.Build.0 = Debug|Any CPU
		{E175A327-D178-4A58-B8A3-A9222F236746}.Release|Any CPU.ActiveCfg = Release|Any CPU
		{E175A327-D178-4A58-B8A3-A9222F236746}.Release|Any CPU.Build.0 = Release|Any CPU
	EndGlobalSection
	GlobalSection(SolutionProperties) = preSolution
		HideSolutionNode = FALSE
	EndGlobalSection
	GlobalSection(ExtensibilityGlobals) = postSolution
		SolutionGuid = {D2D772CF-E8FD-4D91-9D4C-E5A66E08AF69}
	EndGlobalSection
EndGlobal
